
Microsoft Visual Studio Solution File, Format Version 12.00
# Visual Studio Version 16
VisualStudioVersion = 16.0.29503.13
MinimumVisualStudioVersion = 10.0.40219.1
Project("{FAE04EC0-301F-11D3-BF4B-00C04F79EFBC}") = "FreakyFashion", "FreakyFashion.csproj", "{B9FD3206-EBEA-4F5F-A3BC-E0D2A8106D79}"
EndProject
Global
	GlobalSection(SolutionConfigurationPlatforms) = preSolution
		Debug|Any CPU = Debug|Any CPU
		Release|Any CPU = Release|Any CPU
	EndGlobalSection
	GlobalSection(ProjectConfigurationPlatforms) = postSolution
		{B9FD3206-EBEA-4F5F-A3BC-E0D2A8106D79}.Debug|Any CPU.ActiveCfg = Debug|Any CPU
		{B9FD3206-EBEA-4F5F-A3BC-E0D2A8106D79}.Debug|Any CPU.Build.0 = Debug|Any CPU
		{B9FD3206-EBEA-4F5F-A3BC-E0D2A8106D79}.Release|Any CPU.ActiveCfg = Release|Any CPU
		{B9FD3206-EBEA-4F5F-A3BC-E0D2A8106D79}.Release|Any CPU.Build.0 = Release|Any CPU
	EndGlobalSection
	GlobalSection(SolutionProperties) = preSolution
		HideSolutionNode = FALSE
	EndGlobalSection
	GlobalSection(ExtensibilityGlobals) = postSolution
		SolutionGuid = {6BE2A376-E764-4780-8F98-0021E0454E18}
	EndGlobalSection
EndGlobal
